
Microsoft Visual Studio Solution File, Format Version 12.00
# Visual Studio Version 17
VisualStudioVersion = 17.8.34511.84
MinimumVisualStudioVersion = 10.0.40219.1
Project("{FAE04EC0-301F-11D3-BF4B-00C04F79EFBC}") = "Infinia", "Infinia.csproj", "{C30AEE0F-EF72-4637-A908-B8161D41382A}"
EndProject
Project("{FAE04EC0-301F-11D3-BF4B-00C04F79EFBC}") = "Infinia.Core", "..\Infinia.Core\Infinia.Core.csproj", "{9A5E28C0-EC4C-4B53-A7C7-926A05F99A7E}"
EndProject
Project("{FAE04EC0-301F-11D3-BF4B-00C04F79EFBC}") = "Infinia.Infrastructure", "..\Infinia.Infrastructure\Infinia.Infrastructure.csproj", "{15DA949F-F5DD-4288-A1BC-BFA572110CE4}"
EndProject
Global
	GlobalSection(SolutionConfigurationPlatforms) = preSolution
		Debug|Any CPU = Debug|Any CPU
		Release|Any CPU = Release|Any CPU
	EndGlobalSection
	GlobalSection(ProjectConfigurationPlatforms) = postSolution
		{C30AEE0F-EF72-4637-A908-B8161D41382A}.Debug|Any CPU.ActiveCfg = Debug|Any CPU
		{C30AEE0F-EF72-4637-A908-B8161D41382A}.Debug|Any CPU.Build.0 = Debug|Any CPU
		{C30AEE0F-EF72-4637-A908-B8161D41382A}.Release|Any CPU.ActiveCfg = Release|Any CPU
		{C30AEE0F-EF72-4637-A908-B8161D41382A}.Release|Any CPU.Build.0 = Release|Any CPU
		{9A5E28C0-EC4C-4B53-A7C7-926A05F99A7E}.Debug|Any CPU.ActiveCfg = Debug|Any CPU
		{9A5E28C0-EC4C-4B53-A7C7-926A05F99A7E}.Debug|Any CPU.Build.0 = Debug|Any CPU
		{9A5E28C0-EC4C-4B53-A7C7-926A05F99A7E}.Release|Any CPU.ActiveCfg = Release|Any CPU
		{9A5E28C0-EC4C-4B53-A7C7-926A05F99A7E}.Release|Any CPU.Build.0 = Release|Any CPU
		{15DA949F-F5DD-4288-A1BC-BFA572110CE4}.Debug|Any CPU.ActiveCfg = Debug|Any CPU
		{15DA949F-F5DD-4288-A1BC-BFA572110CE4}.Debug|Any CPU.Build.0 = Debug|Any CPU
		{15DA949F-F5DD-4288-A1BC-BFA572110CE4}.Release|Any CPU.ActiveCfg = Release|Any CPU
		{15DA949F-F5DD-4288-A1BC-BFA572110CE4}.Release|Any CPU.Build.0 = Release|Any CPU
	EndGlobalSection
	GlobalSection(SolutionProperties) = preSolution
		HideSolutionNode = FALSE
	EndGlobalSection
	GlobalSection(ExtensibilityGlobals) = postSolution
		SolutionGuid = {6736EB53-E7C3-4D67-9E02-E6597B3B6DB8}
	EndGlobalSection
EndGlobal
